# THIS IS AN AUTOGENERATED FILE. DO NOT EDIT THIS FILE DIRECTLY.
# yarn lockfile v1


qr-scanner@^1.2.0:
  version "1.2.0"
  resolved "https://registry.yarnpkg.com/qr-scanner/-/qr-scanner-1.2.0.tgz#845a263d167a06f6d4aaebd5b2f66b64ba460c86"
  integrity sha512-oTuOxV/UT0O1BMyNCoWusd8B8/Za4zNvDWxTN54+s0mRvnavU0OjQiwI2o3HCuXUVGO88Ee9yY9qjrt8yUYaSw==
